
Microsoft Visual Studio Solution File, Format Version 12.00
# Visual Studio Version 17
VisualStudioVersion = 17.7.34202.233
MinimumVisualStudioVersion = 10.0.40219.1
Project("{9A19103F-16F7-4668-BE54-9A1E7A4F7556}") = "Vulcanizare.WEB", "Vulcanizare.WEB\Vulcanizare.WEB.csproj", "{1D857A1E-5DE9-4F96-B6D8-33951FAD4108}"
EndProject
Project("{9A19103F-16F7-4668-BE54-9A1E7A4F7556}") = "LoginAPI", "LoginAPI\LoginAPI.csproj", "{2249CF39-83BF-469D-86C0-B1E898649B39}"
EndProject
Project("{9A19103F-16F7-4668-BE54-9A1E7A4F7556}") = "Vulcanizare.MAUI", "Vulcanizare.MAUI\Vulcanizare.MAUI.csproj", "{678C50E2-E9AE-4575-8AFE-B2ECE6EF4E6D}"
EndProject
Global
	GlobalSection(SolutionConfigurationPlatforms) = preSolution
		Debug|Any CPU = Debug|Any CPU
		Release|Any CPU = Release|Any CPU
	EndGlobalSection
	GlobalSection(ProjectConfigurationPlatforms) = postSolution
		{1D857A1E-5DE9-4F96-B6D8-33951FAD4108}.Debug|Any CPU.ActiveCfg = Debug|Any CPU
		{1D857A1E-5DE9-4F96-B6D8-33951FAD4108}.Debug|Any CPU.Build.0 = Debug|Any CPU
		{1D857A1E-5DE9-4F96-B6D8-33951FAD4108}.Release|Any CPU.ActiveCfg = Release|Any CPU
		{1D857A1E-5DE9-4F96-B6D8-33951FAD4108}.Release|Any CPU.Build.0 = Release|Any CPU
		{2249CF39-83BF-469D-86C0-B1E898649B39}.Debug|Any CPU.ActiveCfg = Debug|Any CPU
		{2249CF39-83BF-469D-86C0-B1E898649B39}.Debug|Any CPU.Build.0 = Debug|Any CPU
		{2249CF39-83BF-469D-86C0-B1E898649B39}.Release|Any CPU.ActiveCfg = Release|Any CPU
		{2249CF39-83BF-469D-86C0-B1E898649B39}.Release|Any CPU.Build.0 = Release|Any CPU
		{678C50E2-E9AE-4575-8AFE-B2ECE6EF4E6D}.Debug|Any CPU.ActiveCfg = Debug|Any CPU
		{678C50E2-E9AE-4575-8AFE-B2ECE6EF4E6D}.Debug|Any CPU.Build.0 = Debug|Any CPU
		{678C50E2-E9AE-4575-8AFE-B2ECE6EF4E6D}.Debug|Any CPU.Deploy.0 = Debug|Any CPU
		{678C50E2-E9AE-4575-8AFE-B2ECE6EF4E6D}.Release|Any CPU.ActiveCfg = Release|Any CPU
		{678C50E2-E9AE-4575-8AFE-B2ECE6EF4E6D}.Release|Any CPU.Build.0 = Release|Any CPU
		{678C50E2-E9AE-4575-8AFE-B2ECE6EF4E6D}.Release|Any CPU.Deploy.0 = Release|Any CPU
	EndGlobalSection
	GlobalSection(SolutionProperties) = preSolution
		HideSolutionNode = FALSE
	EndGlobalSection
	GlobalSection(ExtensibilityGlobals) = postSolution
		SolutionGuid = {C3462B8E-F8C6-46D0-9570-86046AD42636}
	EndGlobalSection
EndGlobal
